{
  "name": "proyecto-agus",
  "version": "1.0.0",
  "lockfileVersion": 1,
  "requires": true,
  "dependencies": {
    "@ant-design/colors": {
      "version": "3.1.0",
      "resolved": "https://registry.npmjs.org/@ant-design/colors/-/colors-3.1.0.tgz",
      "integrity": "sha512-Td7g1P53sNFyT4Gya6836e70TrhoVZ+HjZs6mpWIHrxl4/VqsjjOyzj/8ktOuw0lCx+BfYu9UO1CiJ0MoYYfhg==",
      "requires": {
        "tinycolor2": "^1.4.1"
      }
    },
    "js-calendar": {
      "version": "1.2.3",
      "resolved": "https://registry.npmjs.org/js-calendar/-/js-calendar-1.2.3.tgz",
      "integrity": "sha512-dAA1/Zbp4+c5E+ARCVTIuKepXsNLzSYfzvOimiYD4S5eeP9QuplSHLcdhfqFSwyM1o1u6ku6RRRCyaZ0YAjiBw=="
    },
    "readline-sync": {
      "version": "1.4.9",
      "resolved": "https://registry.npmjs.org/readline-sync/-/readline-sync-1.4.9.tgz",
      "integrity": "sha1-PtqOZfI80qF+YTAbHwADOWr17No="
    },
    "tinycolor2": {
      "version": "1.4.1",
      "resolved": "https://registry.npmjs.org/tinycolor2/-/tinycolor2-1.4.1.tgz",
      "integrity": "sha1-9PrTM0R7wLB9TcjpIJ2POaisd+g="
    }
  }
}
