{
  "name": "proyectoclase",
  "version": "1.0.0",
  "lockfileVersion": 1,
  "requires": true,
  "dependencies": {
    "@ant-design/colors": {
      "version": "3.1.0",
      "resolved": "https://registry.npmjs.org/@ant-design/colors/-/colors-3.1.0.tgz",
      "integrity": "sha512-Td7g1P53sNFyT4Gya6836e70TrhoVZ+HjZs6mpWIHrxl4/VqsjjOyzj/8ktOuw0lCx+BfYu9UO1CiJ0MoYYfhg==",
      "requires": {
        "tinycolor2": "^1.4.1"
      }
    },
    "asciichart": {
      "version": "1.5.9",
      "resolved": "https://registry.npmjs.org/asciichart/-/asciichart-1.5.9.tgz",
      "integrity": "sha512-1q/HY2qSQ4WvTryixibCX37ST2nqSYnUalVX4HtZtImb8DWRnoGB93hvPkpUypNILLosfMcceICSDYgFCeC2iw=="
    },
    "tinycolor2": {
      "version": "1.4.1",
      "resolved": "https://registry.npmjs.org/tinycolor2/-/tinycolor2-1.4.1.tgz",
      "integrity": "sha1-9PrTM0R7wLB9TcjpIJ2POaisd+g="
    }
  }
}
